# This file is automatically @generated by Cargo.
# It is not intended for manual editing.
version = 3

[[package]]
name = "concurrency"
version = "0.1.0"

[[package]]
name = "conslist"
version = "0.1.0"

[[package]]
name = "limittracker"
version = "0.1.0"

[[package]]
name = "list"
version = "0.1.0"
dependencies = [
 "conslist",
]

[[package]]
name = "pointers"
version = "0.1.0"
